
Microsoft Visual Studio Solution File, Format Version 12.00
Project("{FAE04EC0-301F-11D3-BF4B-00C04F79EFBC}") = "HW_55", "HW_55\HW_55.csproj", "{4F0AF6AD-94F4-4842-9656-8F06F47D29FD}"
EndProject
Global
	GlobalSection(SolutionConfigurationPlatforms) = preSolution
		Debug|Any CPU = Debug|Any CPU
		Release|Any CPU = Release|Any CPU
	EndGlobalSection
	GlobalSection(ProjectConfigurationPlatforms) = postSolution
		{4F0AF6AD-94F4-4842-9656-8F06F47D29FD}.Debug|Any CPU.ActiveCfg = Debug|Any CPU
		{4F0AF6AD-94F4-4842-9656-8F06F47D29FD}.Debug|Any CPU.Build.0 = Debug|Any CPU
		{4F0AF6AD-94F4-4842-9656-8F06F47D29FD}.Release|Any CPU.ActiveCfg = Release|Any CPU
		{4F0AF6AD-94F4-4842-9656-8F06F47D29FD}.Release|Any CPU.Build.0 = Release|Any CPU
	EndGlobalSection
EndGlobal
